
Microsoft Visual Studio Solution File, Format Version 12.00
# Visual Studio Version 16
VisualStudioVersion = 16.0.29806.167
MinimumVisualStudioVersion = 10.0.40219.1
Project("{8BC9CEB8-8B4A-11D0-8D11-00A0C91BC942}") = "通讯录管理系统", "通讯录管理系统.vcxproj", "{ED03FFEE-C997-479C-8625-12692977E046}"
EndProject
Global
	GlobalSection(SolutionConfigurationPlatforms) = preSolution
		Debug|x64 = Debug|x64
		Debug|x86 = Debug|x86
		Release|x64 = Release|x64
		Release|x86 = Release|x86
	EndGlobalSection
	GlobalSection(ProjectConfigurationPlatforms) = postSolution
		{ED03FFEE-C997-479C-8625-12692977E046}.Debug|x64.ActiveCfg = Debug|x64
		{ED03FFEE-C997-479C-8625-12692977E046}.Debug|x64.Build.0 = Debug|x64
		{ED03FFEE-C997-479C-8625-12692977E046}.Debug|x86.ActiveCfg = Debug|Win32
		{ED03FFEE-C997-479C-8625-12692977E046}.Debug|x86.Build.0 = Debug|Win32
		{ED03FFEE-C997-479C-8625-12692977E046}.Release|x64.ActiveCfg = Release|x64
		{ED03FFEE-C997-479C-8625-12692977E046}.Release|x64.Build.0 = Release|x64
		{ED03FFEE-C997-479C-8625-12692977E046}.Release|x86.ActiveCfg = Release|Win32
		{ED03FFEE-C997-479C-8625-12692977E046}.Release|x86.Build.0 = Release|Win32
	EndGlobalSection
	GlobalSection(SolutionProperties) = preSolution
		HideSolutionNode = FALSE
	EndGlobalSection
	GlobalSection(ExtensibilityGlobals) = postSolution
		SolutionGuid = {ACD5033B-E29A-49B1-BD0A-95EFBD4816A0}
	EndGlobalSection
EndGlobal
